
Microsoft Visual Studio Solution File, Format Version 12.00
# Visual Studio Version 17
VisualStudioVersion = 17.0.31903.59
MinimumVisualStudioVersion = 10.0.40219.1
Project("{2150E333-8FDC-42A3-9474-1A3956D46DE8}") = "src", "src", "{B5DD603A-EF01-4E70-98EA-D5CD8DE4ECCC}"
EndProject
Project("{FAE04EC0-301F-11D3-BF4B-00C04F79EFBC}") = "StreamTitleService", "src\StreamTitleService\StreamTitleService.csproj", "{50DEC441-CDB6-43BC-9825-490DB4707667}"
EndProject
Project("{2150E333-8FDC-42A3-9474-1A3956D46DE8}") = "tests", "tests", "{0C892DD1-6063-4EFB-B58F-C7DDD3F37701}"
EndProject
Project("{FAE04EC0-301F-11D3-BF4B-00C04F79EFBC}") = "StreamTitleService.Tests", "tests\StreamTitleService.Tests\StreamTitleService.Tests.csproj", "{5C8FC62A-B13D-49C2-A470-87B28A4CC848}"
EndProject
Global
	GlobalSection(SolutionConfigurationPlatforms) = preSolution
		Debug|Any CPU = Debug|Any CPU
		Release|Any CPU = Release|Any CPU
	EndGlobalSection
	GlobalSection(SolutionProperties) = preSolution
		HideSolutionNode = FALSE
	EndGlobalSection
	GlobalSection(ProjectConfigurationPlatforms) = postSolution
		{50DEC441-CDB6-43BC-9825-490DB4707667}.Debug|Any CPU.ActiveCfg = Debug|Any CPU
		{50DEC441-CDB6-43BC-9825-490DB4707667}.Debug|Any CPU.Build.0 = Debug|Any CPU
		{50DEC441-CDB6-43BC-9825-490DB4707667}.Release|Any CPU.ActiveCfg = Release|Any CPU
		{50DEC441-CDB6-43BC-9825-490DB4707667}.Release|Any CPU.Build.0 = Release|Any CPU
		{5C8FC62A-B13D-49C2-A470-87B28A4CC848}.Debug|Any CPU.ActiveCfg = Debug|Any CPU
		{5C8FC62A-B13D-49C2-A470-87B28A4CC848}.Debug|Any CPU.Build.0 = Debug|Any CPU
		{5C8FC62A-B13D-49C2-A470-87B28A4CC848}.Release|Any CPU.ActiveCfg = Release|Any CPU
		{5C8FC62A-B13D-49C2-A470-87B28A4CC848}.Release|Any CPU.Build.0 = Release|Any CPU
	EndGlobalSection
	GlobalSection(NestedProjects) = preSolution
		{50DEC441-CDB6-43BC-9825-490DB4707667} = {B5DD603A-EF01-4E70-98EA-D5CD8DE4ECCC}
		{5C8FC62A-B13D-49C2-A470-87B28A4CC848} = {0C892DD1-6063-4EFB-B58F-C7DDD3F37701}
	EndGlobalSection
EndGlobal
